
Microsoft Visual Studio Solution File, Format Version 12.00
Project("{2150E333-8FDC-42A3-9474-1A3956D46DE8}") = "IdentityModel", "IdentityModel", "{AF787407-387C-45D7-B84A-99D618E7B74B}"
EndProject
Project("{2150E333-8FDC-42A3-9474-1A3956D46DE8}") = "Utility", "Utility", "{D248F42A-5953-4E19-9CB8-25C90EF1459B}"
EndProject
Project("{2150E333-8FDC-42A3-9474-1A3956D46DE8}") = "Protocols", "Protocols", "{53E0FEB7-3562-4169-AAA3-BC9D86CD76D7}"
EndProject
Project("{FAE04EC0-301F-11D3-BF4B-00C04F79EFBC}") = "Extensions.AspNetCore.Soap", "Utility\Extensions.AspNetCore.Soap\Extensions.AspNetCore.Soap.csproj", "{FC57AE14-F2F2-4474-8A6C-4E12FD9EAF31}"
EndProject
Project("{FAE04EC0-301F-11D3-BF4B-00C04F79EFBC}") = "Testing.AspNetCore.Extensions.XUnit.Soap", "Utility\Testing.AspNetCore.Extensions.XUnit.Soap\Testing.AspNetCore.Extensions.XUnit.Soap.csproj", "{8E86EFAF-3F75-4C03-96C1-EE96CF10574C}"
EndProject
Project("{2150E333-8FDC-42A3-9474-1A3956D46DE8}") = ".tests", ".tests", "{E429B11D-2949-4C62-9DBD-22183255C740}"
EndProject
Project("{2150E333-8FDC-42A3-9474-1A3956D46DE8}") = ".samples", ".samples", "{9190AC72-7FC2-4310-8824-E9468BDB7375}"
EndProject
Project("{FAE04EC0-301F-11D3-BF4B-00C04F79EFBC}") = "Protocols.WsTrust", "IdentityModel\Protocols.WsTrust\Protocols.WsTrust.csproj", "{EDDD84E6-343A-4B64-BA77-B5DF681224BC}"
EndProject
Project("{FAE04EC0-301F-11D3-BF4B-00C04F79EFBC}") = "Tokens", "IdentityModel\Tokens\Tokens.csproj", "{E9C3E528-9063-4C2E-B430-4F3BF8EFD733}"
EndProject
Project("{FAE04EC0-301F-11D3-BF4B-00C04F79EFBC}") = "Tokens.Saml", "IdentityModel\Tokens.Saml\Tokens.Saml.csproj", "{90725963-F888-4984-8BC5-CFF1FE9626E3}"
EndProject
Project("{FAE04EC0-301F-11D3-BF4B-00C04F79EFBC}") = "Xml", "IdentityModel\Xml\Xml.csproj", "{FF8123D5-307E-47DE-846D-E974F09E95D8}"
EndProject
Project("{2150E333-8FDC-42A3-9474-1A3956D46DE8}") = ".repo", ".repo", "{28DA8180-1374-412C-B63A-FBF3A05B4222}"
	ProjectSection(SolutionItems) = preProject
		..\README.md = ..\README.md
	EndProjectSection
EndProject
Project("{2150E333-8FDC-42A3-9474-1A3956D46DE8}") = "props", "props", "{A5252CA3-F81F-4C68-9C83-1D38D35533AE}"
	ProjectSection(SolutionItems) = preProject
		Directory.Build.props = Directory.Build.props
	EndProjectSection
EndProject
Project("{2150E333-8FDC-42A3-9474-1A3956D46DE8}") = "Utility", "Utility", "{8563A4F8-3C2B-407A-AB6E-89E4EB1111FB}"
	ProjectSection(SolutionItems) = preProject
		Utility\Directory.Build.props = Utility\Directory.Build.props
	EndProjectSection
EndProject
Project("{FAE04EC0-301F-11D3-BF4B-00C04F79EFBC}") = "Saml2p", "Protocols\Saml2p\Saml2p.csproj", "{7EF9649D-566A-492C-A467-208919AE96E2}"
EndProject
Project("{FAE04EC0-301F-11D3-BF4B-00C04F79EFBC}") = "WsTrust", "Protocols\WsTrust\WsTrust.csproj", "{70BC3FC2-F110-44DB-A6AC-C81FF1659547}"
EndProject
Project("{2150E333-8FDC-42A3-9474-1A3956D46DE8}") = "Protocols", "Protocols", "{9D628E8A-7890-45FF-BB8A-AD90FAC603D5}"
	ProjectSection(SolutionItems) = preProject
		Protocols\Directory.Build.props = Protocols\Directory.Build.props
	EndProjectSection
EndProject
Project("{2150E333-8FDC-42A3-9474-1A3956D46DE8}") = "IdentityModel", "IdentityModel", "{702468D6-C3AC-4157-98E5-BDC508C7A8CF}"
	ProjectSection(SolutionItems) = preProject
		IdentityModel\Directory.Build.props = IdentityModel\Directory.Build.props
	EndProjectSection
EndProject
Project("{FAE04EC0-301F-11D3-BF4B-00C04F79EFBC}") = "Extensions.AspNetCore.Soap.Tests", ".tests\Extensions.AspNetCore.Soap.Tests\Extensions.AspNetCore.Soap.Tests.csproj", "{7AC32173-E317-42D0-88A7-86EDE2808206}"
EndProject
Project("{FAE04EC0-301F-11D3-BF4B-00C04F79EFBC}") = "IdentityModel.Tokens.Saml.Tests", ".tests\IdentityModel.Tokens.Saml.Tests\IdentityModel.Tokens.Saml.Tests.csproj", "{0B2FC291-E386-492B-B193-E66873BFA560}"
EndProject
Project("{FAE04EC0-301F-11D3-BF4B-00C04F79EFBC}") = "IdentityModel.Tokens.Tests", ".tests\IdentityModel.Tokens.Tests\IdentityModel.Tokens.Tests.csproj", "{D0D8492A-0136-4696-824C-C48793CA3972}"
EndProject
Project("{FAE04EC0-301F-11D3-BF4B-00C04F79EFBC}") = "Identity.Protocols.Saml2p.Tests", ".tests\Protocols.Sam2p.Tests\Identity.Protocols.Saml2p.Tests.csproj", "{0943006D-9AF5-4C4E-B883-CA53EAF2BB5A}"
EndProject
Project("{FAE04EC0-301F-11D3-BF4B-00C04F79EFBC}") = "Identity.Protocols.WsTrust.Tests", ".tests\Protocols.WsTrust.Tests\Identity.Protocols.WsTrust.Tests.csproj", "{496C9B90-B9B4-4707-BD9F-F8DA17C1B987}"
EndProject
Project("{FAE04EC0-301F-11D3-BF4B-00C04F79EFBC}") = "Saml2p.SpSample", ".samples\Saml2p.SpSample\Saml2p.SpSample.csproj", "{96F5AB9B-6CEA-4153-9F75-053297A3F946}"
EndProject
Project("{FAE04EC0-301F-11D3-BF4B-00C04F79EFBC}") = "Soap.Client", ".samples\Soap.Client\Soap.Client.csproj", "{0BE7B34C-C650-49BF-BC5A-93CE8281B1A9}"
EndProject
Project("{FAE04EC0-301F-11D3-BF4B-00C04F79EFBC}") = "Soap.Server", ".samples\Soap.Server\Soap.Server.csproj", "{AA2C32CC-13FB-437C-9ABC-7BC1D7BC277B}"
EndProject
Project("{FAE04EC0-301F-11D3-BF4B-00C04F79EFBC}") = "WsTrust.Client.Sample", ".samples\WsTrust.Client.Sample\WsTrust.Client.Sample.csproj", "{7C241885-AF11-47FA-96D6-10A5A8054040}"
EndProject
Project("{FAE04EC0-301F-11D3-BF4B-00C04F79EFBC}") = "WsTrust.Sts.Sample", ".samples\WsTrust.Sts.Sample\WsTrust.Sts.Sample.csproj", "{BF6EBFF7-336E-4F00-AA1D-F5AA4A17E6F9}"
EndProject
Project("{FAE04EC0-301F-11D3-BF4B-00C04F79EFBC}") = "Saml2p.IdpSample", ".samples\Saml2p.IdpSample\Saml2p.IdpSample.csproj", "{B2F1ADBE-BF84-4ED7-918C-33F43EF8651D}"
EndProject
Project("{2150E333-8FDC-42A3-9474-1A3956D46DE8}") = "ServiceModel", "ServiceModel", "{60F3CA77-A8E8-4FDC-A2D0-BAA9276BC1D8}"
EndProject
Project("{FAE04EC0-301F-11D3-BF4B-00C04F79EFBC}") = "Security.WsTrust", "ServiceModel\Security.WsTrust\Security.WsTrust.csproj", "{1D20790C-90E4-4B15-B8E2-5EF112BF3F28}"
EndProject
Project("{FAE04EC0-301F-11D3-BF4B-00C04F79EFBC}") = "Testing.Certificates", "Utility\Testing.Certificates\Testing.Certificates.csproj", "{07C6275C-BEB7-4AA7-A4A3-C5E1A1C583B3}"
EndProject
Project("{FAE04EC0-301F-11D3-BF4B-00C04F79EFBC}") = "Testing.Shims.Moq", "Utility\Testing.Shims.Moq\Testing.Shims.Moq.csproj", "{401648BD-5E32-44D9-8DBB-6A9A0183E0EA}"
EndProject
Project("{2150E333-8FDC-42A3-9474-1A3956D46DE8}") = "Http", "Http", "{B95D57AA-74D6-4570-89A9-EC8CCCE00DC4}"
EndProject
Project("{FAE04EC0-301F-11D3-BF4B-00C04F79EFBC}") = "Core", "ServiceModel\Core\Core.csproj", "{ABA67E9F-BEC8-47F2-8A09-32BC669E2F30}"
EndProject
Project("{FAE04EC0-301F-11D3-BF4B-00C04F79EFBC}") = "Extensions", "ServiceModel\Extensions\Extensions.csproj", "{BC89EF15-8415-45D2-9BF2-2B5EC083126C}"
EndProject
Project("{FAE04EC0-301F-11D3-BF4B-00C04F79EFBC}") = "Http.Core", "Http\Http.Core\Http.Core.csproj", "{07D63E8C-00AA-4AA7-AB00-66035ED54039}"
EndProject
Project("{FAE04EC0-301F-11D3-BF4B-00C04F79EFBC}") = "Http.Json.Core", "Http\Http.Json.Core\Http.Json.Core.csproj", "{4C117095-3ADB-4093-83A4-3E319631B49E}"
EndProject
Project("{FAE04EC0-301F-11D3-BF4B-00C04F79EFBC}") = "Http.Json", "Http\Http.Json\Http.Json.csproj", "{37787D01-AC59-4A88-ADDE-B2F4DA7036C4}"
EndProject
Project("{FAE04EC0-301F-11D3-BF4B-00C04F79EFBC}") = "Http.Core.Tests", ".tests\Http.Core.Tests\Http.Core.Tests.csproj", "{3C5CF865-9A48-4339-AF3C-AE32C1A0ABB3}"
EndProject
Project("{FAE04EC0-301F-11D3-BF4B-00C04F79EFBC}") = "Http.Json.Tests", ".tests\Http.Json.Tests\Http.Json.Tests.csproj", "{140609FD-2D4E-440B-A1AE-8B6208884C34}"
EndProject
Project("{FAE04EC0-301F-11D3-BF4B-00C04F79EFBC}") = "Http.Xml", "Http\Http.Xml\Http.Xml.csproj", "{0502265D-28CF-46A4-9060-B975D96E4DCF}"
EndProject
Project("{FAE04EC0-301F-11D3-BF4B-00C04F79EFBC}") = "Http.Zip", "Http\Http.Zip\Http.Zip.csproj", "{B72327EA-215D-478F-B1C9-DF95B26AFCB8}"
EndProject
Project("{FAE04EC0-301F-11D3-BF4B-00C04F79EFBC}") = "Http", "Http\Http\Http.csproj", "{B7ED69F9-5601-47BB-879A-F8670F6BCEE7}"
EndProject
Global
	GlobalSection(SolutionConfigurationPlatforms) = preSolution
		Debug|Any CPU = Debug|Any CPU
		Release|Any CPU = Release|Any CPU
	EndGlobalSection
	GlobalSection(NestedProjects) = preSolution
		{FC57AE14-F2F2-4474-8A6C-4E12FD9EAF31} = {D248F42A-5953-4E19-9CB8-25C90EF1459B}
		{8E86EFAF-3F75-4C03-96C1-EE96CF10574C} = {D248F42A-5953-4E19-9CB8-25C90EF1459B}
		{EDDD84E6-343A-4B64-BA77-B5DF681224BC} = {AF787407-387C-45D7-B84A-99D618E7B74B}
		{E9C3E528-9063-4C2E-B430-4F3BF8EFD733} = {AF787407-387C-45D7-B84A-99D618E7B74B}
		{90725963-F888-4984-8BC5-CFF1FE9626E3} = {AF787407-387C-45D7-B84A-99D618E7B74B}
		{FF8123D5-307E-47DE-846D-E974F09E95D8} = {AF787407-387C-45D7-B84A-99D618E7B74B}
		{A5252CA3-F81F-4C68-9C83-1D38D35533AE} = {28DA8180-1374-412C-B63A-FBF3A05B4222}
		{8563A4F8-3C2B-407A-AB6E-89E4EB1111FB} = {A5252CA3-F81F-4C68-9C83-1D38D35533AE}
		{7EF9649D-566A-492C-A467-208919AE96E2} = {53E0FEB7-3562-4169-AAA3-BC9D86CD76D7}
		{70BC3FC2-F110-44DB-A6AC-C81FF1659547} = {53E0FEB7-3562-4169-AAA3-BC9D86CD76D7}
		{9D628E8A-7890-45FF-BB8A-AD90FAC603D5} = {A5252CA3-F81F-4C68-9C83-1D38D35533AE}
		{702468D6-C3AC-4157-98E5-BDC508C7A8CF} = {A5252CA3-F81F-4C68-9C83-1D38D35533AE}
		{7AC32173-E317-42D0-88A7-86EDE2808206} = {E429B11D-2949-4C62-9DBD-22183255C740}
		{0B2FC291-E386-492B-B193-E66873BFA560} = {E429B11D-2949-4C62-9DBD-22183255C740}
		{D0D8492A-0136-4696-824C-C48793CA3972} = {E429B11D-2949-4C62-9DBD-22183255C740}
		{0943006D-9AF5-4C4E-B883-CA53EAF2BB5A} = {E429B11D-2949-4C62-9DBD-22183255C740}
		{496C9B90-B9B4-4707-BD9F-F8DA17C1B987} = {E429B11D-2949-4C62-9DBD-22183255C740}
		{96F5AB9B-6CEA-4153-9F75-053297A3F946} = {9190AC72-7FC2-4310-8824-E9468BDB7375}
		{0BE7B34C-C650-49BF-BC5A-93CE8281B1A9} = {9190AC72-7FC2-4310-8824-E9468BDB7375}
		{AA2C32CC-13FB-437C-9ABC-7BC1D7BC277B} = {9190AC72-7FC2-4310-8824-E9468BDB7375}
		{7C241885-AF11-47FA-96D6-10A5A8054040} = {9190AC72-7FC2-4310-8824-E9468BDB7375}
		{BF6EBFF7-336E-4F00-AA1D-F5AA4A17E6F9} = {9190AC72-7FC2-4310-8824-E9468BDB7375}
		{B2F1ADBE-BF84-4ED7-918C-33F43EF8651D} = {9190AC72-7FC2-4310-8824-E9468BDB7375}
		{1D20790C-90E4-4B15-B8E2-5EF112BF3F28} = {60F3CA77-A8E8-4FDC-A2D0-BAA9276BC1D8}
		{07C6275C-BEB7-4AA7-A4A3-C5E1A1C583B3} = {D248F42A-5953-4E19-9CB8-25C90EF1459B}
		{401648BD-5E32-44D9-8DBB-6A9A0183E0EA} = {D248F42A-5953-4E19-9CB8-25C90EF1459B}
		{ABA67E9F-BEC8-47F2-8A09-32BC669E2F30} = {60F3CA77-A8E8-4FDC-A2D0-BAA9276BC1D8}
		{BC89EF15-8415-45D2-9BF2-2B5EC083126C} = {60F3CA77-A8E8-4FDC-A2D0-BAA9276BC1D8}
		{07D63E8C-00AA-4AA7-AB00-66035ED54039} = {B95D57AA-74D6-4570-89A9-EC8CCCE00DC4}
		{4C117095-3ADB-4093-83A4-3E319631B49E} = {B95D57AA-74D6-4570-89A9-EC8CCCE00DC4}
		{37787D01-AC59-4A88-ADDE-B2F4DA7036C4} = {B95D57AA-74D6-4570-89A9-EC8CCCE00DC4}
		{3C5CF865-9A48-4339-AF3C-AE32C1A0ABB3} = {E429B11D-2949-4C62-9DBD-22183255C740}
		{140609FD-2D4E-440B-A1AE-8B6208884C34} = {E429B11D-2949-4C62-9DBD-22183255C740}
		{0502265D-28CF-46A4-9060-B975D96E4DCF} = {B95D57AA-74D6-4570-89A9-EC8CCCE00DC4}
		{B72327EA-215D-478F-B1C9-DF95B26AFCB8} = {B95D57AA-74D6-4570-89A9-EC8CCCE00DC4}
		{B7ED69F9-5601-47BB-879A-F8670F6BCEE7} = {B95D57AA-74D6-4570-89A9-EC8CCCE00DC4}
	EndGlobalSection
	GlobalSection(ProjectConfigurationPlatforms) = postSolution
		{FC57AE14-F2F2-4474-8A6C-4E12FD9EAF31}.Debug|Any CPU.ActiveCfg = Debug|Any CPU
		{FC57AE14-F2F2-4474-8A6C-4E12FD9EAF31}.Debug|Any CPU.Build.0 = Debug|Any CPU
		{FC57AE14-F2F2-4474-8A6C-4E12FD9EAF31}.Release|Any CPU.ActiveCfg = Release|Any CPU
		{FC57AE14-F2F2-4474-8A6C-4E12FD9EAF31}.Release|Any CPU.Build.0 = Release|Any CPU
		{8E86EFAF-3F75-4C03-96C1-EE96CF10574C}.Debug|Any CPU.ActiveCfg = Debug|Any CPU
		{8E86EFAF-3F75-4C03-96C1-EE96CF10574C}.Debug|Any CPU.Build.0 = Debug|Any CPU
		{8E86EFAF-3F75-4C03-96C1-EE96CF10574C}.Release|Any CPU.ActiveCfg = Release|Any CPU
		{8E86EFAF-3F75-4C03-96C1-EE96CF10574C}.Release|Any CPU.Build.0 = Release|Any CPU
		{EDDD84E6-343A-4B64-BA77-B5DF681224BC}.Debug|Any CPU.ActiveCfg = Debug|Any CPU
		{EDDD84E6-343A-4B64-BA77-B5DF681224BC}.Debug|Any CPU.Build.0 = Debug|Any CPU
		{EDDD84E6-343A-4B64-BA77-B5DF681224BC}.Release|Any CPU.ActiveCfg = Release|Any CPU
		{EDDD84E6-343A-4B64-BA77-B5DF681224BC}.Release|Any CPU.Build.0 = Release|Any CPU
		{E9C3E528-9063-4C2E-B430-4F3BF8EFD733}.Debug|Any CPU.ActiveCfg = Debug|Any CPU
		{E9C3E528-9063-4C2E-B430-4F3BF8EFD733}.Debug|Any CPU.Build.0 = Debug|Any CPU
		{E9C3E528-9063-4C2E-B430-4F3BF8EFD733}.Release|Any CPU.ActiveCfg = Release|Any CPU
		{E9C3E528-9063-4C2E-B430-4F3BF8EFD733}.Release|Any CPU.Build.0 = Release|Any CPU
		{90725963-F888-4984-8BC5-CFF1FE9626E3}.Debug|Any CPU.ActiveCfg = Debug|Any CPU
		{90725963-F888-4984-8BC5-CFF1FE9626E3}.Debug|Any CPU.Build.0 = Debug|Any CPU
		{90725963-F888-4984-8BC5-CFF1FE9626E3}.Release|Any CPU.ActiveCfg = Release|Any CPU
		{90725963-F888-4984-8BC5-CFF1FE9626E3}.Release|Any CPU.Build.0 = Release|Any CPU
		{FF8123D5-307E-47DE-846D-E974F09E95D8}.Debug|Any CPU.ActiveCfg = Debug|Any CPU
		{FF8123D5-307E-47DE-846D-E974F09E95D8}.Debug|Any CPU.Build.0 = Debug|Any CPU
		{FF8123D5-307E-47DE-846D-E974F09E95D8}.Release|Any CPU.ActiveCfg = Release|Any CPU
		{FF8123D5-307E-47DE-846D-E974F09E95D8}.Release|Any CPU.Build.0 = Release|Any CPU
		{7EF9649D-566A-492C-A467-208919AE96E2}.Debug|Any CPU.ActiveCfg = Debug|Any CPU
		{7EF9649D-566A-492C-A467-208919AE96E2}.Debug|Any CPU.Build.0 = Debug|Any CPU
		{7EF9649D-566A-492C-A467-208919AE96E2}.Release|Any CPU.ActiveCfg = Release|Any CPU
		{7EF9649D-566A-492C-A467-208919AE96E2}.Release|Any CPU.Build.0 = Release|Any CPU
		{70BC3FC2-F110-44DB-A6AC-C81FF1659547}.Debug|Any CPU.ActiveCfg = Debug|Any CPU
		{70BC3FC2-F110-44DB-A6AC-C81FF1659547}.Debug|Any CPU.Build.0 = Debug|Any CPU
		{70BC3FC2-F110-44DB-A6AC-C81FF1659547}.Release|Any CPU.ActiveCfg = Release|Any CPU
		{70BC3FC2-F110-44DB-A6AC-C81FF1659547}.Release|Any CPU.Build.0 = Release|Any CPU
		{7AC32173-E317-42D0-88A7-86EDE2808206}.Debug|Any CPU.ActiveCfg = Debug|Any CPU
		{7AC32173-E317-42D0-88A7-86EDE2808206}.Debug|Any CPU.Build.0 = Debug|Any CPU
		{7AC32173-E317-42D0-88A7-86EDE2808206}.Release|Any CPU.ActiveCfg = Release|Any CPU
		{7AC32173-E317-42D0-88A7-86EDE2808206}.Release|Any CPU.Build.0 = Release|Any CPU
		{0B2FC291-E386-492B-B193-E66873BFA560}.Debug|Any CPU.ActiveCfg = Debug|Any CPU
		{0B2FC291-E386-492B-B193-E66873BFA560}.Debug|Any CPU.Build.0 = Debug|Any CPU
		{0B2FC291-E386-492B-B193-E66873BFA560}.Release|Any CPU.ActiveCfg = Release|Any CPU
		{0B2FC291-E386-492B-B193-E66873BFA560}.Release|Any CPU.Build.0 = Release|Any CPU
		{D0D8492A-0136-4696-824C-C48793CA3972}.Debug|Any CPU.ActiveCfg = Debug|Any CPU
		{D0D8492A-0136-4696-824C-C48793CA3972}.Debug|Any CPU.Build.0 = Debug|Any CPU
		{D0D8492A-0136-4696-824C-C48793CA3972}.Release|Any CPU.ActiveCfg = Release|Any CPU
		{D0D8492A-0136-4696-824C-C48793CA3972}.Release|Any CPU.Build.0 = Release|Any CPU
		{0943006D-9AF5-4C4E-B883-CA53EAF2BB5A}.Debug|Any CPU.ActiveCfg = Debug|Any CPU
		{0943006D-9AF5-4C4E-B883-CA53EAF2BB5A}.Debug|Any CPU.Build.0 = Debug|Any CPU
		{0943006D-9AF5-4C4E-B883-CA53EAF2BB5A}.Release|Any CPU.ActiveCfg = Release|Any CPU
		{0943006D-9AF5-4C4E-B883-CA53EAF2BB5A}.Release|Any CPU.Build.0 = Release|Any CPU
		{496C9B90-B9B4-4707-BD9F-F8DA17C1B987}.Debug|Any CPU.ActiveCfg = Debug|Any CPU
		{496C9B90-B9B4-4707-BD9F-F8DA17C1B987}.Debug|Any CPU.Build.0 = Debug|Any CPU
		{496C9B90-B9B4-4707-BD9F-F8DA17C1B987}.Release|Any CPU.ActiveCfg = Release|Any CPU
		{496C9B90-B9B4-4707-BD9F-F8DA17C1B987}.Release|Any CPU.Build.0 = Release|Any CPU
		{96F5AB9B-6CEA-4153-9F75-053297A3F946}.Debug|Any CPU.ActiveCfg = Debug|Any CPU
		{96F5AB9B-6CEA-4153-9F75-053297A3F946}.Debug|Any CPU.Build.0 = Debug|Any CPU
		{96F5AB9B-6CEA-4153-9F75-053297A3F946}.Release|Any CPU.ActiveCfg = Release|Any CPU
		{96F5AB9B-6CEA-4153-9F75-053297A3F946}.Release|Any CPU.Build.0 = Release|Any CPU
		{0BE7B34C-C650-49BF-BC5A-93CE8281B1A9}.Debug|Any CPU.ActiveCfg = Debug|Any CPU
		{0BE7B34C-C650-49BF-BC5A-93CE8281B1A9}.Debug|Any CPU.Build.0 = Debug|Any CPU
		{0BE7B34C-C650-49BF-BC5A-93CE8281B1A9}.Release|Any CPU.ActiveCfg = Release|Any CPU
		{0BE7B34C-C650-49BF-BC5A-93CE8281B1A9}.Release|Any CPU.Build.0 = Release|Any CPU
		{AA2C32CC-13FB-437C-9ABC-7BC1D7BC277B}.Debug|Any CPU.ActiveCfg = Debug|Any CPU
		{AA2C32CC-13FB-437C-9ABC-7BC1D7BC277B}.Debug|Any CPU.Build.0 = Debug|Any CPU
		{AA2C32CC-13FB-437C-9ABC-7BC1D7BC277B}.Release|Any CPU.ActiveCfg = Release|Any CPU
		{AA2C32CC-13FB-437C-9ABC-7BC1D7BC277B}.Release|Any CPU.Build.0 = Release|Any CPU
		{7C241885-AF11-47FA-96D6-10A5A8054040}.Debug|Any CPU.ActiveCfg = Debug|Any CPU
		{7C241885-AF11-47FA-96D6-10A5A8054040}.Debug|Any CPU.Build.0 = Debug|Any CPU
		{7C241885-AF11-47FA-96D6-10A5A8054040}.Release|Any CPU.ActiveCfg = Release|Any CPU
		{7C241885-AF11-47FA-96D6-10A5A8054040}.Release|Any CPU.Build.0 = Release|Any CPU
		{BF6EBFF7-336E-4F00-AA1D-F5AA4A17E6F9}.Debug|Any CPU.ActiveCfg = Debug|Any CPU
		{BF6EBFF7-336E-4F00-AA1D-F5AA4A17E6F9}.Debug|Any CPU.Build.0 = Debug|Any CPU
		{BF6EBFF7-336E-4F00-AA1D-F5AA4A17E6F9}.Release|Any CPU.ActiveCfg = Release|Any CPU
		{BF6EBFF7-336E-4F00-AA1D-F5AA4A17E6F9}.Release|Any CPU.Build.0 = Release|Any CPU
		{B2F1ADBE-BF84-4ED7-918C-33F43EF8651D}.Debug|Any CPU.ActiveCfg = Debug|Any CPU
		{B2F1ADBE-BF84-4ED7-918C-33F43EF8651D}.Debug|Any CPU.Build.0 = Debug|Any CPU
		{B2F1ADBE-BF84-4ED7-918C-33F43EF8651D}.Release|Any CPU.ActiveCfg = Release|Any CPU
		{B2F1ADBE-BF84-4ED7-918C-33F43EF8651D}.Release|Any CPU.Build.0 = Release|Any CPU
		{1D20790C-90E4-4B15-B8E2-5EF112BF3F28}.Debug|Any CPU.ActiveCfg = Debug|Any CPU
		{1D20790C-90E4-4B15-B8E2-5EF112BF3F28}.Debug|Any CPU.Build.0 = Debug|Any CPU
		{1D20790C-90E4-4B15-B8E2-5EF112BF3F28}.Release|Any CPU.ActiveCfg = Release|Any CPU
		{1D20790C-90E4-4B15-B8E2-5EF112BF3F28}.Release|Any CPU.Build.0 = Release|Any CPU
		{07C6275C-BEB7-4AA7-A4A3-C5E1A1C583B3}.Debug|Any CPU.ActiveCfg = Debug|Any CPU
		{07C6275C-BEB7-4AA7-A4A3-C5E1A1C583B3}.Debug|Any CPU.Build.0 = Debug|Any CPU
		{07C6275C-BEB7-4AA7-A4A3-C5E1A1C583B3}.Release|Any CPU.ActiveCfg = Release|Any CPU
		{07C6275C-BEB7-4AA7-A4A3-C5E1A1C583B3}.Release|Any CPU.Build.0 = Release|Any CPU
		{401648BD-5E32-44D9-8DBB-6A9A0183E0EA}.Debug|Any CPU.ActiveCfg = Debug|Any CPU
		{401648BD-5E32-44D9-8DBB-6A9A0183E0EA}.Debug|Any CPU.Build.0 = Debug|Any CPU
		{401648BD-5E32-44D9-8DBB-6A9A0183E0EA}.Release|Any CPU.ActiveCfg = Release|Any CPU
		{401648BD-5E32-44D9-8DBB-6A9A0183E0EA}.Release|Any CPU.Build.0 = Release|Any CPU
		{ABA67E9F-BEC8-47F2-8A09-32BC669E2F30}.Debug|Any CPU.ActiveCfg = Debug|Any CPU
		{ABA67E9F-BEC8-47F2-8A09-32BC669E2F30}.Debug|Any CPU.Build.0 = Debug|Any CPU
		{ABA67E9F-BEC8-47F2-8A09-32BC669E2F30}.Release|Any CPU.ActiveCfg = Release|Any CPU
		{ABA67E9F-BEC8-47F2-8A09-32BC669E2F30}.Release|Any CPU.Build.0 = Release|Any CPU
		{BC89EF15-8415-45D2-9BF2-2B5EC083126C}.Debug|Any CPU.ActiveCfg = Debug|Any CPU
		{BC89EF15-8415-45D2-9BF2-2B5EC083126C}.Debug|Any CPU.Build.0 = Debug|Any CPU
		{BC89EF15-8415-45D2-9BF2-2B5EC083126C}.Release|Any CPU.ActiveCfg = Release|Any CPU
		{BC89EF15-8415-45D2-9BF2-2B5EC083126C}.Release|Any CPU.Build.0 = Release|Any CPU
		{07D63E8C-00AA-4AA7-AB00-66035ED54039}.Debug|Any CPU.ActiveCfg = Debug|Any CPU
		{07D63E8C-00AA-4AA7-AB00-66035ED54039}.Debug|Any CPU.Build.0 = Debug|Any CPU
		{07D63E8C-00AA-4AA7-AB00-66035ED54039}.Release|Any CPU.ActiveCfg = Release|Any CPU
		{07D63E8C-00AA-4AA7-AB00-66035ED54039}.Release|Any CPU.Build.0 = Release|Any CPU
		{4C117095-3ADB-4093-83A4-3E319631B49E}.Debug|Any CPU.ActiveCfg = Debug|Any CPU
		{4C117095-3ADB-4093-83A4-3E319631B49E}.Debug|Any CPU.Build.0 = Debug|Any CPU
		{4C117095-3ADB-4093-83A4-3E319631B49E}.Release|Any CPU.ActiveCfg = Release|Any CPU
		{4C117095-3ADB-4093-83A4-3E319631B49E}.Release|Any CPU.Build.0 = Release|Any CPU
		{37787D01-AC59-4A88-ADDE-B2F4DA7036C4}.Debug|Any CPU.ActiveCfg = Debug|Any CPU
		{37787D01-AC59-4A88-ADDE-B2F4DA7036C4}.Debug|Any CPU.Build.0 = Debug|Any CPU
		{37787D01-AC59-4A88-ADDE-B2F4DA7036C4}.Release|Any CPU.ActiveCfg = Release|Any CPU
		{37787D01-AC59-4A88-ADDE-B2F4DA7036C4}.Release|Any CPU.Build.0 = Release|Any CPU
		{3C5CF865-9A48-4339-AF3C-AE32C1A0ABB3}.Debug|Any CPU.ActiveCfg = Debug|Any CPU
		{3C5CF865-9A48-4339-AF3C-AE32C1A0ABB3}.Debug|Any CPU.Build.0 = Debug|Any CPU
		{3C5CF865-9A48-4339-AF3C-AE32C1A0ABB3}.Release|Any CPU.ActiveCfg = Release|Any CPU
		{3C5CF865-9A48-4339-AF3C-AE32C1A0ABB3}.Release|Any CPU.Build.0 = Release|Any CPU
		{140609FD-2D4E-440B-A1AE-8B6208884C34}.Debug|Any CPU.ActiveCfg = Debug|Any CPU
		{140609FD-2D4E-440B-A1AE-8B6208884C34}.Debug|Any CPU.Build.0 = Debug|Any CPU
		{140609FD-2D4E-440B-A1AE-8B6208884C34}.Release|Any CPU.ActiveCfg = Release|Any CPU
		{140609FD-2D4E-440B-A1AE-8B6208884C34}.Release|Any CPU.Build.0 = Release|Any CPU
		{0502265D-28CF-46A4-9060-B975D96E4DCF}.Debug|Any CPU.ActiveCfg = Debug|Any CPU
		{0502265D-28CF-46A4-9060-B975D96E4DCF}.Debug|Any CPU.Build.0 = Debug|Any CPU
		{0502265D-28CF-46A4-9060-B975D96E4DCF}.Release|Any CPU.ActiveCfg = Release|Any CPU
		{0502265D-28CF-46A4-9060-B975D96E4DCF}.Release|Any CPU.Build.0 = Release|Any CPU
		{B72327EA-215D-478F-B1C9-DF95B26AFCB8}.Debug|Any CPU.ActiveCfg = Debug|Any CPU
		{B72327EA-215D-478F-B1C9-DF95B26AFCB8}.Debug|Any CPU.Build.0 = Debug|Any CPU
		{B72327EA-215D-478F-B1C9-DF95B26AFCB8}.Release|Any CPU.ActiveCfg = Release|Any CPU
		{B72327EA-215D-478F-B1C9-DF95B26AFCB8}.Release|Any CPU.Build.0 = Release|Any CPU
		{B7ED69F9-5601-47BB-879A-F8670F6BCEE7}.Debug|Any CPU.ActiveCfg = Debug|Any CPU
		{B7ED69F9-5601-47BB-879A-F8670F6BCEE7}.Debug|Any CPU.Build.0 = Debug|Any CPU
		{B7ED69F9-5601-47BB-879A-F8670F6BCEE7}.Release|Any CPU.ActiveCfg = Release|Any CPU
		{B7ED69F9-5601-47BB-879A-F8670F6BCEE7}.Release|Any CPU.Build.0 = Release|Any CPU
	EndGlobalSection
EndGlobal
